
Microsoft Visual Studio Solution File, Format Version 12.00
Project("{FAE04EC0-301F-11D3-BF4B-00C04F79EFBC}") = "Tutorial-Enums", "Tutorial-Enums\Tutorial-Enums.csproj", "{59261B06-14A3-4F5C-8544-FA18A5990A0E}"
EndProject
Project("{FAE04EC0-301F-11D3-BF4B-00C04F79EFBC}") = "TutorialStructs", "TutorialStructs\TutorialStructs.csproj", "{A5DA3F84-5037-4D53-B8AF-E37BD6AF81D9}"
EndProject
Global
	GlobalSection(SolutionConfigurationPlatforms) = preSolution
		Debug|Any CPU = Debug|Any CPU
		Release|Any CPU = Release|Any CPU
	EndGlobalSection
	GlobalSection(ProjectConfigurationPlatforms) = postSolution
		{59261B06-14A3-4F5C-8544-FA18A5990A0E}.Debug|Any CPU.ActiveCfg = Debug|Any CPU
		{59261B06-14A3-4F5C-8544-FA18A5990A0E}.Debug|Any CPU.Build.0 = Debug|Any CPU
		{59261B06-14A3-4F5C-8544-FA18A5990A0E}.Release|Any CPU.ActiveCfg = Release|Any CPU
		{59261B06-14A3-4F5C-8544-FA18A5990A0E}.Release|Any CPU.Build.0 = Release|Any CPU
		{A5DA3F84-5037-4D53-B8AF-E37BD6AF81D9}.Debug|Any CPU.ActiveCfg = Debug|Any CPU
		{A5DA3F84-5037-4D53-B8AF-E37BD6AF81D9}.Debug|Any CPU.Build.0 = Debug|Any CPU
		{A5DA3F84-5037-4D53-B8AF-E37BD6AF81D9}.Release|Any CPU.ActiveCfg = Release|Any CPU
		{A5DA3F84-5037-4D53-B8AF-E37BD6AF81D9}.Release|Any CPU.Build.0 = Release|Any CPU
	EndGlobalSection
EndGlobal
